
Microsoft Visual Studio Solution File, Format Version 12.00
# Visual Studio 15
VisualStudioVersion = 15.0.28307.705
MinimumVisualStudioVersion = 10.0.40219.1
Project("{FAE04EC0-301F-11D3-BF4B-00C04F79EFBC}") = "AzureFaceMatchingConsole", "AzureFaceMatchingConsole\AzureFaceMatchingConsole.csproj", "{45DBB5C1-096F-4CBA-89D8-72468EEAE110}"
EndProject
Global
	GlobalSection(SolutionConfigurationPlatforms) = preSolution
		Debug|Any CPU = Debug|Any CPU
		Release|Any CPU = Release|Any CPU
	EndGlobalSection
	GlobalSection(ProjectConfigurationPlatforms) = postSolution
		{45DBB5C1-096F-4CBA-89D8-72468EEAE110}.Debug|Any CPU.ActiveCfg = Debug|Any CPU
		{45DBB5C1-096F-4CBA-89D8-72468EEAE110}.Debug|Any CPU.Build.0 = Debug|Any CPU
		{45DBB5C1-096F-4CBA-89D8-72468EEAE110}.Release|Any CPU.ActiveCfg = Release|Any CPU
		{45DBB5C1-096F-4CBA-89D8-72468EEAE110}.Release|Any CPU.Build.0 = Release|Any CPU
	EndGlobalSection
	GlobalSection(SolutionProperties) = preSolution
		HideSolutionNode = FALSE
	EndGlobalSection
	GlobalSection(ExtensibilityGlobals) = postSolution
		SolutionGuid = {6D96F93F-16F6-46CB-9BA2-E41F5316A6CD}
	EndGlobalSection
EndGlobal
